<?xml version="1.0" encoding="UTF-8"?>
<Scheme
   version = "1.3">
   <BuildAction>
      <BuildActionEntries>
         <BuildActionEntry
            buildForRunning = "YES">
            <BuildableReference
               BuildableIdentifier = "primary"
               BlueprintIdentifier = "1A9A0EB615A2107C658B8CB4"
               BuildableName = "SimpleXMPPApp.app"
               BlueprintName = "SimpleXMPPApp"
               ReferencedContainer = "container:SimpleXMPPApp.xcodeproj">
            </BuildableReference>
         </BuildActionEntry>
      </BuildActionEntries>
   </BuildAction>
   <LaunchAction
      useCustomWorkingDirectory = "NO"
      buildConfiguration = "Debug">
      <BuildableProductRunnable>
         <BuildableReference
            BuildableIdentifier = "primary"
            BlueprintIdentifier = "1A9A0EB615A2107C658B8CB4"
            BuildableName = "SimpleXMPPApp.app"
            BlueprintName = "SimpleXMPPApp"
            ReferencedContainer = "container:SimpleXMPPApp.xcodeproj">
         </BuildableReference>
      </BuildableProductRunnable>
   </LaunchAction>
</Scheme>
